
Microsoft Visual Studio Solution File, Format Version 12.00
# Visual Studio Version 17
VisualStudioVersion = 17.2.32526.322
MinimumVisualStudioVersion = 10.0.40219.1
Project("{FAE04EC0-301F-11D3-BF4B-00C04F79EFBC}") = "CipherKrypt", "CipherKrypt\CipherKrypt.csproj", "{94AFD64B-1D2A-47A3-9721-FED21C51292A}"
EndProject
Global
	GlobalSection(SolutionConfigurationPlatforms) = preSolution
		Debug|Any CPU = Debug|Any CPU
		Release|Any CPU = Release|Any CPU
	EndGlobalSection
	GlobalSection(ProjectConfigurationPlatforms) = postSolution
		{94AFD64B-1D2A-47A3-9721-FED21C51292A}.Debug|Any CPU.ActiveCfg = Debug|Any CPU
		{94AFD64B-1D2A-47A3-9721-FED21C51292A}.Debug|Any CPU.Build.0 = Debug|Any CPU
		{94AFD64B-1D2A-47A3-9721-FED21C51292A}.Release|Any CPU.ActiveCfg = Release|Any CPU
		{94AFD64B-1D2A-47A3-9721-FED21C51292A}.Release|Any CPU.Build.0 = Release|Any CPU
	EndGlobalSection
	GlobalSection(SolutionProperties) = preSolution
		HideSolutionNode = FALSE
	EndGlobalSection
	GlobalSection(ExtensibilityGlobals) = postSolution
		SolutionGuid = {D4C298D5-0D76-446E-9361-92BFAFE30A44}
	EndGlobalSection
EndGlobal
